schema: '2.0'
stages:
  make_dataset:
    cmd: python src/data/make_dataset.py
    deps:
    - path: src/data/make_dataset.py
      hash: md5
      md5: 8a92698a6f7b700c40b8020d069962db
      size: 3962
    outs:
    - path: data/raw
      hash: md5
      md5: af910e9fd042d2d68a55ab50799c3db7.dir
      size: 1144204
      nfiles: 2
  data_preprocessing:
    cmd: python src/data/data_preprocessing.py
    deps:
    - path: data/raw
      hash: md5
      md5: af910e9fd042d2d68a55ab50799c3db7.dir
      size: 1144204
      nfiles: 2
    - path: src/data/data_preprocessing.py
      hash: md5
      md5: d8a118d90b712367fe93712346ba1b79
      size: 4144
    outs:
    - path: data/processed
      hash: md5
      md5: 3a1aab39157d5b64f548ab2d5a7ffb66.dir
      size: 824197
      nfiles: 2
  feature_enginerring:
    cmd: python src/features/build_features.py
    deps:
    - path: data/processed
      hash: md5
      md5: 3a1aab39157d5b64f548ab2d5a7ffb66.dir
      size: 824197
      nfiles: 2
    - path: src/features/build_features.py
      hash: md5
      md5: 1b5b36af62b09e08a14df5b879e81394
      size: 4546
    outs:
    - path: data/features
      hash: md5
      md5: 3952c2261b031fc64c528ebd1c72e849.dir
      size: 1408198
      nfiles: 2
  model_building:
    cmd: python src/model/train_model.py
    deps:
    - path: data/features
      hash: md5
      md5: 978857507a3ccfd7b2efaa01fc68c266.dir
      size: 8776025
      nfiles: 2
    - path: src/model/train_model.py
      hash: md5
      md5: 58211cf616b6b9dcb9e9cd3805ab9bb6
      size: 2190
    outs:
    - path: models/model.pkl
      hash: md5
      md5: ffabae54832f8560905312096f30a588
      size: 29654
  model_eval:
    cmd: python src/model/model_eval.py
    deps:
    - path: models/model.pkl
      hash: md5
      md5: ffabae54832f8560905312096f30a588
      size: 29654
    - path: src/model/model_eval.py
      hash: md5
      md5: bb54c11f607c1468a6bd0c8d2a937560
      size: 3342
    outs:
    - path: metrics.json
      hash: md5
      md5: 0db08e232677ffffa27755aee2792ae4
      size: 139
  feature_engineering:
    cmd: python src/features/build_features.py
    deps:
    - path: data/processed
      hash: md5
      md5: 3a1aab39157d5b64f548ab2d5a7ffb66.dir
      size: 824197
      nfiles: 2
    - path: src/features/build_features.py
      hash: md5
      md5: 521e6a5d42db49335b584e691f51697e
      size: 4534
    outs:
    - path: data/features
      hash: md5
      md5: 978857507a3ccfd7b2efaa01fc68c266.dir
      size: 8776025
      nfiles: 2
